{
  "name": "veil-circuits-poseidon2-experiment",
  "version": "0.0.0",
  "lockfileVersion": 3,
  "requires": true,
  "packages": {
    "": {
      "name": "veil-circuits-poseidon2-experiment",
      "version": "0.0.0",
      "dependencies": {
        "@taceo/circom-lib": "0.9.0",
        "circomlib": "^2.0.5"
      }
    },
    "node_modules/@taceo/circom-lib": {
      "version": "0.9.0",
      "resolved": "https://registry.npmjs.org/@taceo/circom-lib/-/circom-lib-0.9.0.tgz",
      "integrity": "sha512-VpC9S9gAH+88zNQAsH8vf2+6mjLJB4F8iU5moof8Fgzve7kQwHhcTKztQSxxYtNr9qYaYRg7Yc8leE2PttZiVA==",
      "license": "MIT",
      "peerDependencies": {
        "circomlib": "^2.0.5"
      }
    },
    "node_modules/circomlib": {
      "version": "2.0.5",
      "resolved": "https://registry.npmjs.org/circomlib/-/circomlib-2.0.5.tgz",
      "integrity": "sha512-O7NQ8OS+J4eshBuoy36z/TwQU0YHw8W3zxZcs4hVwpEll3e4hDm3mgkIPqItN8FDeLEKZFK3YeT/+k8TiLF3/A==",
      "license": "GPL-3.0"
    }
  }
}
